
Microsoft Visual Studio Solution File, Format Version 12.00
# Visual Studio Version 16
VisualStudioVersion = 16.0.31702.278
MinimumVisualStudioVersion = 10.0.40219.1
Project("{FAE04EC0-301F-11D3-BF4B-00C04F79EFBC}") = "ControleDeUsuarios", "ControleDeUsuarios\ControleDeUsuarios.csproj", "{15527E37-4126-4905-8AD6-93AE7F03AED4}"
EndProject
Global
	GlobalSection(SolutionConfigurationPlatforms) = preSolution
		Debug|Any CPU = Debug|Any CPU
		Release|Any CPU = Release|Any CPU
	EndGlobalSection
	GlobalSection(ProjectConfigurationPlatforms) = postSolution
		{15527E37-4126-4905-8AD6-93AE7F03AED4}.Debug|Any CPU.ActiveCfg = Debug|Any CPU
		{15527E37-4126-4905-8AD6-93AE7F03AED4}.Debug|Any CPU.Build.0 = Debug|Any CPU
		{15527E37-4126-4905-8AD6-93AE7F03AED4}.Release|Any CPU.ActiveCfg = Release|Any CPU
		{15527E37-4126-4905-8AD6-93AE7F03AED4}.Release|Any CPU.Build.0 = Release|Any CPU
	EndGlobalSection
	GlobalSection(SolutionProperties) = preSolution
		HideSolutionNode = FALSE
	EndGlobalSection
	GlobalSection(ExtensibilityGlobals) = postSolution
		SolutionGuid = {56AF94FA-A15E-4015-86B1-4585CD941059}
	EndGlobalSection
EndGlobal
